
Microsoft Visual Studio Solution File, Format Version 12.00
# Visual Studio Version 17
VisualStudioVersion = 17.2.32516.85
MinimumVisualStudioVersion = 10.0.40219.1
Project("{9A19103F-16F7-4668-BE54-9A1E7A4F7556}") = "PlanetWars.Common", "PlanetWars.Common\PlanetWars.Common.csproj", "{CF89FD93-BEC0-4D87-A2DD-23CC42B66E9B}"
EndProject
Project("{2150E333-8FDC-42A3-9474-1A3956D46DE8}") = "PlanetWars", "PlanetWars", "{2FE81D47-B258-4E60-9C0C-BC87BD023170}"
EndProject
Project("{9A19103F-16F7-4668-BE54-9A1E7A4F7556}") = "Challenge.App", "Challenge.App\Challenge.App.csproj", "{B1417B19-F65D-4E0B-AA3D-36B7E1D05C16}"
EndProject
Project("{9A19103F-16F7-4668-BE54-9A1E7A4F7556}") = "PlanetWars.Mfe", "PlanetWars.Mfe\PlanetWars.Mfe.csproj", "{3562792B-094D-4360-A4C2-B3112A109491}"
EndProject
Project("{9A19103F-16F7-4668-BE54-9A1E7A4F7556}") = "Challenge.Service", "Challenge.Service\Challenge.Service.csproj", "{085E2959-ACA5-44D1-B62B-2973708D6DAB}"
EndProject
Project("{2150E333-8FDC-42A3-9474-1A3956D46DE8}") = "Bots", "Bots", "{0BC961FE-1D4B-4063-B6E3-B3E43F662DF3}"
EndProject
Project("{9A19103F-16F7-4668-BE54-9A1E7A4F7556}") = "PlanetWars.Bot.HammerEnemy", "PlanetWars.Bot.HammerEnemy\PlanetWars.Bot.HammerEnemy.csproj", "{B9BF88A7-94A5-4F49-8484-A0D3FB083120}"
EndProject
Project("{9A19103F-16F7-4668-BE54-9A1E7A4F7556}") = "PlanetWars.Bot.HammerNearest", "PlanetWars.Bot.HammerNearest\PlanetWars.Bot.HammerNearest.csproj", "{3FE4D763-1001-48C6-BD4A-4EDC7E1BAD0E}"
EndProject
Project("{9A19103F-16F7-4668-BE54-9A1E7A4F7556}") = "PlanetWars.Bot.HammerRandom", "PlanetWars.Bot.HammerRandom\PlanetWars.Bot.HammerRandom.csproj", "{32198AC9-E8BB-4D56-8F4C-07E2DE91312F}"
EndProject
Project("{9A19103F-16F7-4668-BE54-9A1E7A4F7556}") = "PlanetWars.Bot.Scatter", "PlanetWars.Bot.Scatter\PlanetWars.Bot.Scatter.csproj", "{7CBB4FAE-7BEF-41B1-AB00-56DEE5168BCE}"
EndProject
Project("{9A19103F-16F7-4668-BE54-9A1E7A4F7556}") = "PlanetWars.Bot.Turtle", "PlanetWars.Bot.Turtle\PlanetWars.Bot.Turtle.csproj", "{1DF28BE3-20B9-4ED0-A91C-9745561D5EFD}"
EndProject
Project("{FAE04EC0-301F-11D3-BF4B-00C04F79EFBC}") = "PlanetWars.Common.Test", "PlanetWars.Common.Test\PlanetWars.Common.Test.csproj", "{24BE2FB8-B90E-4AFE-9653-CD87A5E1441E}"
EndProject
Project("{FAE04EC0-301F-11D3-BF4B-00C04F79EFBC}") = "PlanetWars.Mfe.Test", "PlanetWars.Mfe.Test\PlanetWars.Mfe.Test.csproj", "{E96E6DA0-C6F1-46D5-AB0B-A3E246A187AD}"
EndProject
Project("{FAE04EC0-301F-11D3-BF4B-00C04F79EFBC}") = "Challenge.App.Test", "Challenge.App.Test\Challenge.App.Test.csproj", "{88287270-8DBA-4CD2-BB84-AB01AFB11192}"
EndProject
Project("{FAE04EC0-301F-11D3-BF4B-00C04F79EFBC}") = "Challenge.Service.Test", "Challenge.Service.Test\Challenge.Service.Test.csproj", "{A94B7C27-5826-45C4-8856-041D4CCD009F}"
EndProject
Global
	GlobalSection(SolutionConfigurationPlatforms) = preSolution
		Debug|Any CPU = Debug|Any CPU
		Release|Any CPU = Release|Any CPU
	EndGlobalSection
	GlobalSection(ProjectConfigurationPlatforms) = postSolution
		{CF89FD93-BEC0-4D87-A2DD-23CC42B66E9B}.Debug|Any CPU.ActiveCfg = Debug|Any CPU
		{CF89FD93-BEC0-4D87-A2DD-23CC42B66E9B}.Debug|Any CPU.Build.0 = Debug|Any CPU
		{CF89FD93-BEC0-4D87-A2DD-23CC42B66E9B}.Release|Any CPU.ActiveCfg = Release|Any CPU
		{CF89FD93-BEC0-4D87-A2DD-23CC42B66E9B}.Release|Any CPU.Build.0 = Release|Any CPU
		{B1417B19-F65D-4E0B-AA3D-36B7E1D05C16}.Debug|Any CPU.ActiveCfg = Debug|Any CPU
		{B1417B19-F65D-4E0B-AA3D-36B7E1D05C16}.Debug|Any CPU.Build.0 = Debug|Any CPU
		{B1417B19-F65D-4E0B-AA3D-36B7E1D05C16}.Release|Any CPU.ActiveCfg = Release|Any CPU
		{B1417B19-F65D-4E0B-AA3D-36B7E1D05C16}.Release|Any CPU.Build.0 = Release|Any CPU
		{3562792B-094D-4360-A4C2-B3112A109491}.Debug|Any CPU.ActiveCfg = Debug|Any CPU
		{3562792B-094D-4360-A4C2-B3112A109491}.Debug|Any CPU.Build.0 = Debug|Any CPU
		{3562792B-094D-4360-A4C2-B3112A109491}.Release|Any CPU.ActiveCfg = Release|Any CPU
		{3562792B-094D-4360-A4C2-B3112A109491}.Release|Any CPU.Build.0 = Release|Any CPU
		{085E2959-ACA5-44D1-B62B-2973708D6DAB}.Debug|Any CPU.ActiveCfg = Debug|Any CPU
		{085E2959-ACA5-44D1-B62B-2973708D6DAB}.Debug|Any CPU.Build.0 = Debug|Any CPU
		{085E2959-ACA5-44D1-B62B-2973708D6DAB}.Release|Any CPU.ActiveCfg = Release|Any CPU
		{085E2959-ACA5-44D1-B62B-2973708D6DAB}.Release|Any CPU.Build.0 = Release|Any CPU
		{B9BF88A7-94A5-4F49-8484-A0D3FB083120}.Debug|Any CPU.ActiveCfg = Debug|Any CPU
		{B9BF88A7-94A5-4F49-8484-A0D3FB083120}.Debug|Any CPU.Build.0 = Debug|Any CPU
		{B9BF88A7-94A5-4F49-8484-A0D3FB083120}.Release|Any CPU.ActiveCfg = Release|Any CPU
		{B9BF88A7-94A5-4F49-8484-A0D3FB083120}.Release|Any CPU.Build.0 = Release|Any CPU
		{3FE4D763-1001-48C6-BD4A-4EDC7E1BAD0E}.Debug|Any CPU.ActiveCfg = Debug|Any CPU
		{3FE4D763-1001-48C6-BD4A-4EDC7E1BAD0E}.Debug|Any CPU.Build.0 = Debug|Any CPU
		{3FE4D763-1001-48C6-BD4A-4EDC7E1BAD0E}.Release|Any CPU.ActiveCfg = Release|Any CPU
		{3FE4D763-1001-48C6-BD4A-4EDC7E1BAD0E}.Release|Any CPU.Build.0 = Release|Any CPU
		{32198AC9-E8BB-4D56-8F4C-07E2DE91312F}.Debug|Any CPU.ActiveCfg = Debug|Any CPU
		{32198AC9-E8BB-4D56-8F4C-07E2DE91312F}.Debug|Any CPU.Build.0 = Debug|Any CPU
		{32198AC9-E8BB-4D56-8F4C-07E2DE91312F}.Release|Any CPU.ActiveCfg = Release|Any CPU
		{32198AC9-E8BB-4D56-8F4C-07E2DE91312F}.Release|Any CPU.Build.0 = Release|Any CPU
		{7CBB4FAE-7BEF-41B1-AB00-56DEE5168BCE}.Debug|Any CPU.ActiveCfg = Debug|Any CPU
		{7CBB4FAE-7BEF-41B1-AB00-56DEE5168BCE}.Debug|Any CPU.Build.0 = Debug|Any CPU
		{7CBB4FAE-7BEF-41B1-AB00-56DEE5168BCE}.Release|Any CPU.ActiveCfg = Release|Any CPU
		{7CBB4FAE-7BEF-41B1-AB00-56DEE5168BCE}.Release|Any CPU.Build.0 = Release|Any CPU
		{1DF28BE3-20B9-4ED0-A91C-9745561D5EFD}.Debug|Any CPU.ActiveCfg = Debug|Any CPU
		{1DF28BE3-20B9-4ED0-A91C-9745561D5EFD}.Debug|Any CPU.Build.0 = Debug|Any CPU
		{1DF28BE3-20B9-4ED0-A91C-9745561D5EFD}.Release|Any CPU.ActiveCfg = Release|Any CPU
		{1DF28BE3-20B9-4ED0-A91C-9745561D5EFD}.Release|Any CPU.Build.0 = Release|Any CPU
		{24BE2FB8-B90E-4AFE-9653-CD87A5E1441E}.Debug|Any CPU.ActiveCfg = Debug|Any CPU
		{24BE2FB8-B90E-4AFE-9653-CD87A5E1441E}.Debug|Any CPU.Build.0 = Debug|Any CPU
		{24BE2FB8-B90E-4AFE-9653-CD87A5E1441E}.Release|Any CPU.ActiveCfg = Release|Any CPU
		{24BE2FB8-B90E-4AFE-9653-CD87A5E1441E}.Release|Any CPU.Build.0 = Release|Any CPU
		{E96E6DA0-C6F1-46D5-AB0B-A3E246A187AD}.Debug|Any CPU.ActiveCfg = Debug|Any CPU
		{E96E6DA0-C6F1-46D5-AB0B-A3E246A187AD}.Debug|Any CPU.Build.0 = Debug|Any CPU
		{E96E6DA0-C6F1-46D5-AB0B-A3E246A187AD}.Release|Any CPU.ActiveCfg = Release|Any CPU
		{E96E6DA0-C6F1-46D5-AB0B-A3E246A187AD}.Release|Any CPU.Build.0 = Release|Any CPU
		{88287270-8DBA-4CD2-BB84-AB01AFB11192}.Debug|Any CPU.ActiveCfg = Debug|Any CPU
		{88287270-8DBA-4CD2-BB84-AB01AFB11192}.Debug|Any CPU.Build.0 = Debug|Any CPU
		{88287270-8DBA-4CD2-BB84-AB01AFB11192}.Release|Any CPU.ActiveCfg = Release|Any CPU
		{88287270-8DBA-4CD2-BB84-AB01AFB11192}.Release|Any CPU.Build.0 = Release|Any CPU
		{A94B7C27-5826-45C4-8856-041D4CCD009F}.Debug|Any CPU.ActiveCfg = Debug|Any CPU
		{A94B7C27-5826-45C4-8856-041D4CCD009F}.Debug|Any CPU.Build.0 = Debug|Any CPU
		{A94B7C27-5826-45C4-8856-041D4CCD009F}.Release|Any CPU.ActiveCfg = Release|Any CPU
		{A94B7C27-5826-45C4-8856-041D4CCD009F}.Release|Any CPU.Build.0 = Release|Any CPU
	EndGlobalSection
	GlobalSection(SolutionProperties) = preSolution
		HideSolutionNode = FALSE
	EndGlobalSection
	GlobalSection(NestedProjects) = preSolution
		{CF89FD93-BEC0-4D87-A2DD-23CC42B66E9B} = {2FE81D47-B258-4E60-9C0C-BC87BD023170}
		{3562792B-094D-4360-A4C2-B3112A109491} = {2FE81D47-B258-4E60-9C0C-BC87BD023170}
		{0BC961FE-1D4B-4063-B6E3-B3E43F662DF3} = {2FE81D47-B258-4E60-9C0C-BC87BD023170}
		{B9BF88A7-94A5-4F49-8484-A0D3FB083120} = {0BC961FE-1D4B-4063-B6E3-B3E43F662DF3}
		{3FE4D763-1001-48C6-BD4A-4EDC7E1BAD0E} = {0BC961FE-1D4B-4063-B6E3-B3E43F662DF3}
		{32198AC9-E8BB-4D56-8F4C-07E2DE91312F} = {0BC961FE-1D4B-4063-B6E3-B3E43F662DF3}
		{7CBB4FAE-7BEF-41B1-AB00-56DEE5168BCE} = {0BC961FE-1D4B-4063-B6E3-B3E43F662DF3}
		{1DF28BE3-20B9-4ED0-A91C-9745561D5EFD} = {0BC961FE-1D4B-4063-B6E3-B3E43F662DF3}
		{24BE2FB8-B90E-4AFE-9653-CD87A5E1441E} = {2FE81D47-B258-4E60-9C0C-BC87BD023170}
		{E96E6DA0-C6F1-46D5-AB0B-A3E246A187AD} = {2FE81D47-B258-4E60-9C0C-BC87BD023170}
	EndGlobalSection
	GlobalSection(ExtensibilityGlobals) = postSolution
		SolutionGuid = {1CE1992F-631C-47DF-A9E0-35A718A0D20F}
	EndGlobalSection
EndGlobal
