
Microsoft Visual Studio Solution File, Format Version 12.00
# Visual Studio Version 17
VisualStudioVersion = 17.0.32112.339
MinimumVisualStudioVersion = 10.0.40219.1
Project("{FAE04EC0-301F-11D3-BF4B-00C04F79EFBC}") = "PlanetWars", "PlanetWars\PlanetWars.csproj", "{D672CCB8-8F6C-4858-A815-66E1707DF6FD}"
EndProject
Project("{FAE04EC0-301F-11D3-BF4B-00C04F79EFBC}") = "PlanetWars.Tests", "PlanetWars.Tests\PlanetWars.Tests.csproj", "{3900299C-FE32-45B9-A684-248CA7C40302}"
EndProject
Project("{2150E333-8FDC-42A3-9474-1A3956D46DE8}") = "Solution Items", "Solution Items", "{16AA6E03-5C59-4F8D-B5E2-1E49BDDF75E6}"
	ProjectSection(SolutionItems) = preProject
		.gitignore = .gitignore
		LICENSE = LICENSE
		readme.md = readme.md
	EndProjectSection
EndProject
Project("{FAE04EC0-301F-11D3-BF4B-00C04F79EFBC}") = "PlanetWars.Shared", "PlanetWars.Shared\PlanetWars.Shared.csproj", "{DCFFF982-65A4-478B-AD3C-F22609BC5FDE}"
EndProject
Project("{2150E333-8FDC-42A3-9474-1A3956D46DE8}") = "Submissions", "Submissions", "{B6731ED2-694E-4FA0-9D81-89B1119A97DE}"
EndProject
Project("{FAE04EC0-301F-11D3-BF4B-00C04F79EFBC}") = "Fane-Vu", "CSharpAgentA\Fane-Vu.csproj", "{AE71FB49-96E2-447A-B2AB-42F2C9A5D0DC}"
EndProject
Project("{FAE04EC0-301F-11D3-BF4B-00C04F79EFBC}") = "Bob-Will", "CSharpAgentB\Bob-Will.csproj", "{1EF79AA6-F2D9-41EE-ADE8-992D0C5CC42D}"
EndProject
Project("{FAE04EC0-301F-11D3-BF4B-00C04F79EFBC}") = "Pete", "CSharpAgentC\Pete.csproj", "{D8D3D403-D1F6-477A-8CFC-BE3110E2ABD5}"
EndProject
Project("{FAE04EC0-301F-11D3-BF4B-00C04F79EFBC}") = "Supernova", "CSharpAgentD\Supernova.csproj", "{9F950201-852E-4C08-B177-E7E7D6B41D44}"
EndProject
Project("{FAE04EC0-301F-11D3-BF4B-00C04F79EFBC}") = "CSharpAgent - Venerable", "CSharpAgent - Venerable\CSharpAgent - Venerable.csproj", "{7F07D6E0-F2D2-465B-B480-B54B698B3422}"
EndProject
Project("{FAE04EC0-301F-11D3-BF4B-00C04F79EFBC}") = "CSharpAgentCarlGalactica", "CSharpAgentCarlGalactica\CSharpAgentCarlGalactica.csproj", "{3C53E857-2A55-4536-9AA6-868F9D291C71}"
EndProject
Project("{2150E333-8FDC-42A3-9474-1A3956D46DE8}") = "TestAgents", "TestAgents", "{6017CEEF-0BBB-4C3F-B8F0-1D61B46E4FA5}"
EndProject
Project("{2150E333-8FDC-42A3-9474-1A3956D46DE8}") = "Supernova", "Supernova", "{872AF438-EAB9-4F22-A5CA-46E8DDA5BDF6}"
EndProject
Project("{2150E333-8FDC-42A3-9474-1A3956D46DE8}") = "Valkyrie", "Valkyrie", "{370D0870-C41D-4D6A-83AB-1A7B8FFB725A}"
EndProject
Project("{2150E333-8FDC-42A3-9474-1A3956D46DE8}") = "Wildfire", "Wildfire", "{BAEEB3F6-0682-4BEB-8CF7-E188C8DAA84A}"
EndProject
Project("{FAE04EC0-301F-11D3-BF4B-00C04F79EFBC}") = "Agent-EnemyHammer", "Agent-EnemyHammer\Agent-EnemyHammer.csproj", "{5B3502F0-DB70-4052-A871-B44684E5DFD7}"
EndProject
Project("{FAE04EC0-301F-11D3-BF4B-00C04F79EFBC}") = "Agent-NearestHammer", "Agent-NearestHammer\Agent-NearestHammer.csproj", "{84C30F46-887E-439F-A5DD-63171A9FF83C}"
EndProject
Project("{FAE04EC0-301F-11D3-BF4B-00C04F79EFBC}") = "Agent-RandomHammer", "Agent-RandomHammer\Agent-RandomHammer.csproj", "{A7432134-666B-4A73-BAFE-A411610FB7EB}"
EndProject
Project("{FAE04EC0-301F-11D3-BF4B-00C04F79EFBC}") = "Agent-Scatter", "Agent-Scatter\Agent-Scatter.csproj", "{EB542D77-B0DD-42BE-AE5A-A04E04381A35}"
EndProject
Project("{FAE04EC0-301F-11D3-BF4B-00C04F79EFBC}") = "Agent-Turtle", "Agent-Turtle\Agent-Turtle.csproj", "{5FD77265-2307-4EF8-A990-A6ECEE9690C4}"
EndProject
Project("{FAE04EC0-301F-11D3-BF4B-00C04F79EFBC}") = "CSharpAgentCarlDumbHammer", "CSharpAgentCarlDumbHammer\CSharpAgentCarlDumbHammer.csproj", "{A64DD538-9D0B-4D14-A990-F0B3A78965AD}"
EndProject
Project("{FAE04EC0-301F-11D3-BF4B-00C04F79EFBC}") = "CSharpAgentShamz", "CSharpAgentShamz\CSharpAgentShamz.csproj", "{075CB555-ABF4-4751-BBF6-51287F626870}"
EndProject
Global
	GlobalSection(SolutionConfigurationPlatforms) = preSolution
		Debug|Any CPU = Debug|Any CPU
		Release|Any CPU = Release|Any CPU
	EndGlobalSection
	GlobalSection(ProjectConfigurationPlatforms) = postSolution
		{D672CCB8-8F6C-4858-A815-66E1707DF6FD}.Debug|Any CPU.ActiveCfg = Debug|Any CPU
		{D672CCB8-8F6C-4858-A815-66E1707DF6FD}.Debug|Any CPU.Build.0 = Debug|Any CPU
		{D672CCB8-8F6C-4858-A815-66E1707DF6FD}.Release|Any CPU.ActiveCfg = Release|Any CPU
		{D672CCB8-8F6C-4858-A815-66E1707DF6FD}.Release|Any CPU.Build.0 = Release|Any CPU
		{3900299C-FE32-45B9-A684-248CA7C40302}.Debug|Any CPU.ActiveCfg = Debug|Any CPU
		{3900299C-FE32-45B9-A684-248CA7C40302}.Debug|Any CPU.Build.0 = Debug|Any CPU
		{3900299C-FE32-45B9-A684-248CA7C40302}.Release|Any CPU.ActiveCfg = Release|Any CPU
		{3900299C-FE32-45B9-A684-248CA7C40302}.Release|Any CPU.Build.0 = Release|Any CPU
		{DCFFF982-65A4-478B-AD3C-F22609BC5FDE}.Debug|Any CPU.ActiveCfg = Debug|Any CPU
		{DCFFF982-65A4-478B-AD3C-F22609BC5FDE}.Debug|Any CPU.Build.0 = Debug|Any CPU
		{DCFFF982-65A4-478B-AD3C-F22609BC5FDE}.Release|Any CPU.ActiveCfg = Release|Any CPU
		{DCFFF982-65A4-478B-AD3C-F22609BC5FDE}.Release|Any CPU.Build.0 = Release|Any CPU
		{AE71FB49-96E2-447A-B2AB-42F2C9A5D0DC}.Debug|Any CPU.ActiveCfg = Debug|Any CPU
		{AE71FB49-96E2-447A-B2AB-42F2C9A5D0DC}.Debug|Any CPU.Build.0 = Debug|Any CPU
		{AE71FB49-96E2-447A-B2AB-42F2C9A5D0DC}.Release|Any CPU.ActiveCfg = Release|Any CPU
		{AE71FB49-96E2-447A-B2AB-42F2C9A5D0DC}.Release|Any CPU.Build.0 = Release|Any CPU
		{1EF79AA6-F2D9-41EE-ADE8-992D0C5CC42D}.Debug|Any CPU.ActiveCfg = Debug|Any CPU
		{1EF79AA6-F2D9-41EE-ADE8-992D0C5CC42D}.Debug|Any CPU.Build.0 = Debug|Any CPU
		{1EF79AA6-F2D9-41EE-ADE8-992D0C5CC42D}.Release|Any CPU.ActiveCfg = Release|Any CPU
		{1EF79AA6-F2D9-41EE-ADE8-992D0C5CC42D}.Release|Any CPU.Build.0 = Release|Any CPU
		{D8D3D403-D1F6-477A-8CFC-BE3110E2ABD5}.Debug|Any CPU.ActiveCfg = Debug|Any CPU
		{D8D3D403-D1F6-477A-8CFC-BE3110E2ABD5}.Debug|Any CPU.Build.0 = Debug|Any CPU
		{D8D3D403-D1F6-477A-8CFC-BE3110E2ABD5}.Release|Any CPU.ActiveCfg = Release|Any CPU
		{D8D3D403-D1F6-477A-8CFC-BE3110E2ABD5}.Release|Any CPU.Build.0 = Release|Any CPU
		{9F950201-852E-4C08-B177-E7E7D6B41D44}.Debug|Any CPU.ActiveCfg = Debug|Any CPU
		{9F950201-852E-4C08-B177-E7E7D6B41D44}.Debug|Any CPU.Build.0 = Debug|Any CPU
		{9F950201-852E-4C08-B177-E7E7D6B41D44}.Release|Any CPU.ActiveCfg = Release|Any CPU
		{9F950201-852E-4C08-B177-E7E7D6B41D44}.Release|Any CPU.Build.0 = Release|Any CPU
		{7F07D6E0-F2D2-465B-B480-B54B698B3422}.Debug|Any CPU.ActiveCfg = Debug|Any CPU
		{7F07D6E0-F2D2-465B-B480-B54B698B3422}.Debug|Any CPU.Build.0 = Debug|Any CPU
		{7F07D6E0-F2D2-465B-B480-B54B698B3422}.Release|Any CPU.ActiveCfg = Release|Any CPU
		{7F07D6E0-F2D2-465B-B480-B54B698B3422}.Release|Any CPU.Build.0 = Release|Any CPU
		{7F07D6E0-F2D2-465B-B480-B54B698B3422}.Debug|Any CPU.ActiveCfg = Debug|Any CPU
		{7F07D6E0-F2D2-465B-B480-B54B698B3422}.Debug|Any CPU.Build.0 = Debug|Any CPU
		{7F07D6E0-F2D2-465B-B480-B54B698B3422}.Release|Any CPU.ActiveCfg = Release|Any CPU
		{7F07D6E0-F2D2-465B-B480-B54B698B3422}.Release|Any CPU.Build.0 = Release|Any CPU
		{D1891905-BD91-49B2-B2F1-974D3DA54909}.Debug|Any CPU.ActiveCfg = Debug|Any CPU
		{D1891905-BD91-49B2-B2F1-974D3DA54909}.Debug|Any CPU.Build.0 = Debug|Any CPU
		{D1891905-BD91-49B2-B2F1-974D3DA54909}.Release|Any CPU.ActiveCfg = Release|Any CPU
		{D1891905-BD91-49B2-B2F1-974D3DA54909}.Release|Any CPU.Build.0 = Release|Any CPU
		{3C53E857-2A55-4536-9AA6-868F9D291C71}.Debug|Any CPU.ActiveCfg = Debug|Any CPU
		{3C53E857-2A55-4536-9AA6-868F9D291C71}.Debug|Any CPU.Build.0 = Debug|Any CPU
		{3C53E857-2A55-4536-9AA6-868F9D291C71}.Release|Any CPU.ActiveCfg = Release|Any CPU
		{3C53E857-2A55-4536-9AA6-868F9D291C71}.Release|Any CPU.Build.0 = Release|Any CPU
		{5B3502F0-DB70-4052-A871-B44684E5DFD7}.Debug|Any CPU.ActiveCfg = Debug|Any CPU
		{5B3502F0-DB70-4052-A871-B44684E5DFD7}.Debug|Any CPU.Build.0 = Debug|Any CPU
		{5B3502F0-DB70-4052-A871-B44684E5DFD7}.Release|Any CPU.ActiveCfg = Release|Any CPU
		{5B3502F0-DB70-4052-A871-B44684E5DFD7}.Release|Any CPU.Build.0 = Release|Any CPU
		{84C30F46-887E-439F-A5DD-63171A9FF83C}.Debug|Any CPU.ActiveCfg = Debug|Any CPU
		{84C30F46-887E-439F-A5DD-63171A9FF83C}.Debug|Any CPU.Build.0 = Debug|Any CPU
		{84C30F46-887E-439F-A5DD-63171A9FF83C}.Release|Any CPU.ActiveCfg = Release|Any CPU
		{84C30F46-887E-439F-A5DD-63171A9FF83C}.Release|Any CPU.Build.0 = Release|Any CPU
		{A7432134-666B-4A73-BAFE-A411610FB7EB}.Debug|Any CPU.ActiveCfg = Debug|Any CPU
		{A7432134-666B-4A73-BAFE-A411610FB7EB}.Debug|Any CPU.Build.0 = Debug|Any CPU
		{A7432134-666B-4A73-BAFE-A411610FB7EB}.Release|Any CPU.ActiveCfg = Release|Any CPU
		{A7432134-666B-4A73-BAFE-A411610FB7EB}.Release|Any CPU.Build.0 = Release|Any CPU
		{EB542D77-B0DD-42BE-AE5A-A04E04381A35}.Debug|Any CPU.ActiveCfg = Debug|Any CPU
		{EB542D77-B0DD-42BE-AE5A-A04E04381A35}.Debug|Any CPU.Build.0 = Debug|Any CPU
		{EB542D77-B0DD-42BE-AE5A-A04E04381A35}.Release|Any CPU.ActiveCfg = Release|Any CPU
		{EB542D77-B0DD-42BE-AE5A-A04E04381A35}.Release|Any CPU.Build.0 = Release|Any CPU
		{5FD77265-2307-4EF8-A990-A6ECEE9690C4}.Debug|Any CPU.ActiveCfg = Debug|Any CPU
		{5FD77265-2307-4EF8-A990-A6ECEE9690C4}.Debug|Any CPU.Build.0 = Debug|Any CPU
		{5FD77265-2307-4EF8-A990-A6ECEE9690C4}.Release|Any CPU.ActiveCfg = Release|Any CPU
		{5FD77265-2307-4EF8-A990-A6ECEE9690C4}.Release|Any CPU.Build.0 = Release|Any CPU
		{A64DD538-9D0B-4D14-A990-F0B3A78965AD}.Debug|Any CPU.ActiveCfg = Debug|Any CPU
		{A64DD538-9D0B-4D14-A990-F0B3A78965AD}.Debug|Any CPU.Build.0 = Debug|Any CPU
		{A64DD538-9D0B-4D14-A990-F0B3A78965AD}.Release|Any CPU.ActiveCfg = Release|Any CPU
		{A64DD538-9D0B-4D14-A990-F0B3A78965AD}.Release|Any CPU.Build.0 = Release|Any CPU
		{84C30F46-887E-439F-A5DD-63171A9FF83C}.Debug|Any CPU.ActiveCfg = Debug|Any CPU
		{84C30F46-887E-439F-A5DD-63171A9FF83C}.Debug|Any CPU.Build.0 = Debug|Any CPU
		{84C30F46-887E-439F-A5DD-63171A9FF83C}.Release|Any CPU.ActiveCfg = Release|Any CPU
		{84C30F46-887E-439F-A5DD-63171A9FF83C}.Release|Any CPU.Build.0 = Release|Any CPU
		{075CB555-ABF4-4751-BBF6-51287F626870}.Debug|Any CPU.ActiveCfg = Debug|Any CPU
		{075CB555-ABF4-4751-BBF6-51287F626870}.Debug|Any CPU.Build.0 = Debug|Any CPU
		{075CB555-ABF4-4751-BBF6-51287F626870}.Release|Any CPU.ActiveCfg = Release|Any CPU
		{075CB555-ABF4-4751-BBF6-51287F626870}.Release|Any CPU.Build.0 = Release|Any CPU
	EndGlobalSection
	GlobalSection(SolutionProperties) = preSolution
		HideSolutionNode = FALSE
	EndGlobalSection
	GlobalSection(NestedProjects) = preSolution
		{AE71FB49-96E2-447A-B2AB-42F2C9A5D0DC} = {872AF438-EAB9-4F22-A5CA-46E8DDA5BDF6}
		{1EF79AA6-F2D9-41EE-ADE8-992D0C5CC42D} = {872AF438-EAB9-4F22-A5CA-46E8DDA5BDF6}
		{D8D3D403-D1F6-477A-8CFC-BE3110E2ABD5} = {872AF438-EAB9-4F22-A5CA-46E8DDA5BDF6}
		{9F950201-852E-4C08-B177-E7E7D6B41D44} = {872AF438-EAB9-4F22-A5CA-46E8DDA5BDF6}
		{7F07D6E0-F2D2-465B-B480-B54B698B3422} = {370D0870-C41D-4D6A-83AB-1A7B8FFB725A}
		{3C53E857-2A55-4536-9AA6-868F9D291C71} = {370D0870-C41D-4D6A-83AB-1A7B8FFB725A}
		{872AF438-EAB9-4F22-A5CA-46E8DDA5BDF6} = {B6731ED2-694E-4FA0-9D81-89B1119A97DE}
		{370D0870-C41D-4D6A-83AB-1A7B8FFB725A} = {B6731ED2-694E-4FA0-9D81-89B1119A97DE}
		{BAEEB3F6-0682-4BEB-8CF7-E188C8DAA84A} = {B6731ED2-694E-4FA0-9D81-89B1119A97DE}
		{5B3502F0-DB70-4052-A871-B44684E5DFD7} = {6017CEEF-0BBB-4C3F-B8F0-1D61B46E4FA5}
		{84C30F46-887E-439F-A5DD-63171A9FF83C} = {6017CEEF-0BBB-4C3F-B8F0-1D61B46E4FA5}
		{A7432134-666B-4A73-BAFE-A411610FB7EB} = {6017CEEF-0BBB-4C3F-B8F0-1D61B46E4FA5}
		{EB542D77-B0DD-42BE-AE5A-A04E04381A35} = {6017CEEF-0BBB-4C3F-B8F0-1D61B46E4FA5}
		{5FD77265-2307-4EF8-A990-A6ECEE9690C4} = {6017CEEF-0BBB-4C3F-B8F0-1D61B46E4FA5}
		{A64DD538-9D0B-4D14-A990-F0B3A78965AD} = {370D0870-C41D-4D6A-83AB-1A7B8FFB725A}
		{AE71FB49-96E2-447A-B2AB-42F2C9A5D0DC} = {B6731ED2-694E-4FA0-9D81-89B1119A97DE}
		{1EF79AA6-F2D9-41EE-ADE8-992D0C5CC42D} = {B6731ED2-694E-4FA0-9D81-89B1119A97DE}
		{D8D3D403-D1F6-477A-8CFC-BE3110E2ABD5} = {B6731ED2-694E-4FA0-9D81-89B1119A97DE}
		{9F950201-852E-4C08-B177-E7E7D6B41D44} = {B6731ED2-694E-4FA0-9D81-89B1119A97DE}
		{7F07D6E0-F2D2-465B-B480-B54B698B3422} = {B6731ED2-694E-4FA0-9D81-89B1119A97DE}
		{D1891905-BD91-49B2-B2F1-974D3DA54909} = {B6731ED2-694E-4FA0-9D81-89B1119A97DE}
		{3C53E857-2A55-4536-9AA6-868F9D291C71} = {B6731ED2-694E-4FA0-9D81-89B1119A97DE}
		{5FD77265-2307-4EF8-A990-A6ECEE9690C4} = {B6731ED2-694E-4FA0-9D81-89B1119A97DE}
		{A7432134-666B-4A73-BAFE-A411610FB7EB} = {B6731ED2-694E-4FA0-9D81-89B1119A97DE}
		{EB542D77-B0DD-42BE-AE5A-A04E04381A35} = {B6731ED2-694E-4FA0-9D81-89B1119A97DE}
		{84C30F46-887E-439F-A5DD-63171A9FF83C} = {B6731ED2-694E-4FA0-9D81-89B1119A97DE}
		{075CB555-ABF4-4751-BBF6-51287F626870} = {B6731ED2-694E-4FA0-9D81-89B1119A97DE}
	EndGlobalSection
	GlobalSection(ExtensibilityGlobals) = postSolution
		SolutionGuid = {1CE1992F-631C-47DF-A9E0-35A718A0D20F}
	EndGlobalSection
EndGlobal
